
Microsoft Visual Studio Solution File, Format Version 12.00
# Visual Studio Version 17
VisualStudioVersion = 17.11.35219.272
MinimumVisualStudioVersion = 10.0.40219.1
Project("{FAE04EC0-301F-11D3-BF4B-00C04F79EFBC}") = "Assignment-1.3", "Assignment-1.3.csproj", "{8BC2B38E-B99C-471D-ACC4-941DD92ECB20}"
EndProject
Global
	GlobalSection(SolutionConfigurationPlatforms) = preSolution
		Debug|Any CPU = Debug|Any CPU
		Release|Any CPU = Release|Any CPU
	EndGlobalSection
	GlobalSection(ProjectConfigurationPlatforms) = postSolution
		{8BC2B38E-B99C-471D-ACC4-941DD92ECB20}.Debug|Any CPU.ActiveCfg = Debug|Any CPU
		{8BC2B38E-B99C-471D-ACC4-941DD92ECB20}.Debug|Any CPU.Build.0 = Debug|Any CPU
		{8BC2B38E-B99C-471D-ACC4-941DD92ECB20}.Release|Any CPU.ActiveCfg = Release|Any CPU
		{8BC2B38E-B99C-471D-ACC4-941DD92ECB20}.Release|Any CPU.Build.0 = Release|Any CPU
	EndGlobalSection
	GlobalSection(SolutionProperties) = preSolution
		HideSolutionNode = FALSE
	EndGlobalSection
	GlobalSection(ExtensibilityGlobals) = postSolution
		SolutionGuid = {B542DBAF-FE2F-44B8-8159-6204D2341095}
	EndGlobalSection
EndGlobal
